// !$*UTF8*$!
{
	archiveVersion = 1;
	classes = {
	};
	objectVersion = 50;
	objects = {

/* Begin PBXBuildFile section */
		AB3AB43321FF8C0B00EDA599 /* Controller.cpp in Sources */ = {isa = PBXBuildFile; fileRef = AB3AB43121FF8C0B00EDA599 /* Controller.cpp */; };
		AB3AB43521FF8C1600EDA599 /* Runner.cpp in Sources */ = {isa = PBXBuildFile; fileRef = AB3AB43421FF8C1600EDA599 /* Runner.cpp */; };
		AB7CA101220CB920004F5D6D /* Music.cpp in Sources */ = {isa = PBXBuildFile; fileRef = AB7CA100220CB920004F5D6D /* Music.cpp */; };
		ABFBEC5B220A19670035D460 /* FileController.cpp in Sources */ = {isa = PBXBuildFile; fileRef = ABFBEC59220A19670035D460 /* FileController.cpp */; };
		ABFBEC5F220A1CAF0035D460 /* CrimeData.cpp in Sources */ = {isa = PBXBuildFile; fileRef = ABFBEC5E220A1CAF0035D460 /* CrimeData.cpp */; };
		ABFBEC67220A1F740035D460 /* Timer.cpp in Sources */ = {isa = PBXBuildFile; fileRef = ABFBEC66220A1F740035D460 /* Timer.cpp */; };
/* End PBXBuildFile section */

/* Begin PBXCopyFilesBuildPhase section */
		AB3AB42121FF8B4900EDA599 /* CopyFiles */ = {
			isa = PBXCopyFilesBuildPhase;
			buildActionMask = 2147483647;
			dstPath = /usr/share/man/man1/;
			dstSubfolderSpec = 0;
			files = (
			);
			runOnlyForDeploymentPostprocessing = 1;
		};
/* End PBXCopyFilesBuildPhase section */

/* Begin PBXFileReference section */
		AB3AB42321FF8B4900EDA599 /* DataStructuresProject */ = {isa = PBXFileReference; explicitFileType = "compiled.mach-o.executable"; includeInIndex = 0; path = DataStructuresProject; sourceTree = BUILT_PRODUCTS_DIR; };
		AB3AB43121FF8C0B00EDA599 /* Controller.cpp */ = {isa = PBXFileReference; lastKnownFileType = sourcecode.cpp.cpp; path = Controller.cpp; sourceTree = "<group>"; };
		AB3AB43221FF8C0B00EDA599 /* Controller.hpp */ = {isa = PBXFileReference; lastKnownFileType = sourcecode.cpp.h; path = Controller.hpp; sourceTree = "<group>"; };
		AB3AB43421FF8C1600EDA599 /* Runner.cpp */ = {isa = PBXFileReference; lastKnownFileType = sourcecode.cpp.cpp; path = Runner.cpp; sourceTree = "<group>"; };
		AB3AB43621FF916900EDA599 /* Node.hpp */ = {isa = PBXFileReference; lastKnownFileType = sourcecode.cpp.h; path = Node.hpp; sourceTree = "<group>"; };
		AB504C982211FFDA00D2710F /* music.csv */ = {isa = PBXFileReference; lastKnownFileType = text; path = music.csv; sourceTree = "<group>"; };
		AB7CA100220CB920004F5D6D /* Music.cpp */ = {isa = PBXFileReference; fileEncoding = 4; lastKnownFileType = sourcecode.cpp.cpp; name = Music.cpp; path = ../../../../Downloads/Music.cpp; sourceTree = "<group>"; };
		AB7CA102220CBA4C004F5D6D /* List.hpp */ = {isa = PBXFileReference; lastKnownFileType = sourcecode.cpp.h; path = List.hpp; sourceTree = "<group>"; };
		AB7CA103220CC5B9004F5D6D /* LinkedList.hpp */ = {isa = PBXFileReference; lastKnownFileType = sourcecode.cpp.h; path = LinkedList.hpp; sourceTree = "<group>"; };
		ABF54AEC220232A800BF1DE0 /* LinearNode.hpp */ = {isa = PBXFileReference; lastKnownFileType = sourcecode.cpp.h; path = LinearNode.hpp; sourceTree = "<group>"; };
		ABF54AEE2202391400BF1DE0 /* Array.hpp */ = {isa = PBXFileReference; lastKnownFileType = sourcecode.cpp.h; path = Array.hpp; sourceTree = "<group>"; };
		ABFBEC59220A19670035D460 /* FileController.cpp */ = {isa = PBXFileReference; lastKnownFileType = sourcecode.cpp.cpp; path = FileController.cpp; sourceTree = "<group>"; };
		ABFBEC5A220A19670035D460 /* FileController.hpp */ = {isa = PBXFileReference; lastKnownFileType = sourcecode.cpp.h; path = FileController.hpp; sourceTree = "<group>"; };
		ABFBEC5D220A1CA70035D460 /* CrimeData.hpp */ = {isa = PBXFileReference; lastKnownFileType = sourcecode.cpp.h; path = CrimeData.hpp; sourceTree = "<group>"; };
		ABFBEC5E220A1CAF0035D460 /* CrimeData.cpp */ = {isa = PBXFileReference; fileEncoding = 4; lastKnownFileType = sourcecode.cpp.cpp; path = CrimeData.cpp; sourceTree = "<group>"; };
		ABFBEC60220A1CB60035D460 /* crime.csv */ = {isa = PBXFileReference; lastKnownFileType = text; path = crime.csv; sourceTree = "<group>"; };
		ABFBEC63220A1D4A0035D460 /* Music.hpp */ = {isa = PBXFileReference; lastKnownFileType = sourcecode.cpp.h; path = Music.hpp; sourceTree = "<group>"; };
		ABFBEC66220A1F740035D460 /* Timer.cpp */ = {isa = PBXFileReference; fileEncoding = 4; lastKnownFileType = sourcecode.cpp.cpp; path = Timer.cpp; sourceTree = "<group>"; };
		ABFBEC68220A1F790035D460 /* Timer.hpp */ = {isa = PBXFileReference; lastKnownFileType = sourcecode.cpp.h; path = Timer.hpp; sourceTree = "<group>"; };
/* End PBXFileReference section */

/* Begin PBXFrameworksBuildPhase section */
		AB3AB42021FF8B4900EDA599 /* Frameworks */ = {
			isa = PBXFrameworksBuildPhase;
			buildActionMask = 2147483647;
			files = (
			);
			runOnlyForDeploymentPostprocessing = 0;
		};
/* End PBXFrameworksBuildPhase section */

/* Begin PBXGroup section */
		AB3AB41A21FF8B4900EDA599 = {
			isa = PBXGroup;
			children = (
				AB3AB42521FF8B4900EDA599 /* DataStructuresProject */,
				AB3AB42421FF8B4900EDA599 /* Products */,
			);
			sourceTree = "<group>";
		};
		AB3AB42421FF8B4900EDA599 /* Products */ = {
			isa = PBXGroup;
			children = (
				AB3AB42321FF8B4900EDA599 /* DataStructuresProject */,
			);
			name = Products;
			sourceTree = "<group>";
		};
		AB3AB42521FF8B4900EDA599 /* DataStructuresProject */ = {
			isa = PBXGroup;
			children = (
				AB3AB42D21FF8B8100EDA599 /* Model */,
				AB3AB42E21FF8B8700EDA599 /* Controller */,
				AB3AB42F21FF8B8E00EDA599 /* Diagrams */,
				AB3AB43021FF8B9700EDA599 /* Resources */,
			);
			path = DataStructuresProject;
			sourceTree = "<group>";
		};
		AB3AB42D21FF8B8100EDA599 /* Model */ = {
			isa = PBXGroup;
			children = (
				ABF54AEB2202268C00BF1DE0 /* Linear */,
				ABF54AEA2202266C00BF1DE0 /* Nodes */,
			);
			path = Model;
			sourceTree = "<group>";
		};
		AB3AB42E21FF8B8700EDA599 /* Controller */ = {
			isa = PBXGroup;
			children = (
				ABFBEC65220A1F4A0035D460 /* Tools */,
				AB3AB43121FF8C0B00EDA599 /* Controller.cpp */,
				AB3AB43221FF8C0B00EDA599 /* Controller.hpp */,
				AB3AB43421FF8C1600EDA599 /* Runner.cpp */,
				ABFBEC59220A19670035D460 /* FileController.cpp */,
				ABFBEC5A220A19670035D460 /* FileController.hpp */,
			);
			path = Controller;
			sourceTree = "<group>";
		};
		AB3AB42F21FF8B8E00EDA599 /* Diagrams */ = {
			isa = PBXGroup;
			children = (
			);
			path = Diagrams;
			sourceTree = "<group>";
		};
		AB3AB43021FF8B9700EDA599 /* Resources */ = {
			isa = PBXGroup;
			children = (
				ABFBEC5E220A1CAF0035D460 /* CrimeData.cpp */,
				ABFBEC5D220A1CA70035D460 /* CrimeData.hpp */,
				ABFBEC60220A1CB60035D460 /* crime.csv */,
				AB7CA100220CB920004F5D6D /* Music.cpp */,
				ABFBEC63220A1D4A0035D460 /* Music.hpp */,
				AB504C982211FFDA00D2710F /* music.csv */,
			);
			path = Resources;
			sourceTree = "<group>";
		};
		ABF54AEA2202266C00BF1DE0 /* Nodes */ = {
			isa = PBXGroup;
			children = (
				AB3AB43621FF916900EDA599 /* Node.hpp */,
				ABF54AEC220232A800BF1DE0 /* LinearNode.hpp */,
			);
			path = Nodes;
			sourceTree = "<group>";
		};
		ABF54AEB2202268C00BF1DE0 /* Linear */ = {
			isa = PBXGroup;
			children = (
				ABF54AEE2202391400BF1DE0 /* Array.hpp */,
				AB7CA102220CBA4C004F5D6D /* List.hpp */,
				AB7CA103220CC5B9004F5D6D /* LinkedList.hpp */,
			);
			path = Linear;
			sourceTree = "<group>";
		};
		ABFBEC65220A1F4A0035D460 /* Tools */ = {
			isa = PBXGroup;
			children = (
				ABFBEC66220A1F740035D460 /* Timer.cpp */,
				ABFBEC68220A1F790035D460 /* Timer.hpp */,
			);
			path = Tools;
			sourceTree = "<group>";
		};
/* End PBXGroup section */

/* Begin PBXNativeTarget section */
		AB3AB42221FF8B4900EDA599 /* DataStructuresProject */ = {
			isa = PBXNativeTarget;
			buildConfigurationList = AB3AB42A21FF8B4900EDA599 /* Build configuration list for PBXNativeTarget "DataStructuresProject" */;
			buildPhases = (
				AB3AB41F21FF8B4900EDA599 /* Sources */,
				AB3AB42021FF8B4900EDA599 /* Frameworks */,
				AB3AB42121FF8B4900EDA599 /* CopyFiles */,
			);
			buildRules = (
			);
			dependencies = (
			);
			name = DataStructuresProject;
			productName = DataStructuresProject;
			productReference = AB3AB42321FF8B4900EDA599 /* DataStructuresProject */;
			productType = "com.apple.product-type.tool";
		};
/* End PBXNativeTarget section */

/* Begin PBXProject section */
		AB3AB41B21FF8B4900EDA599 /* Project object */ = {
			isa = PBXProject;
			attributes = {
				LastUpgradeCheck = 1000;
				ORGANIZATIONNAME = "Davis, Lauren";
				TargetAttributes = {
					AB3AB42221FF8B4900EDA599 = {
						CreatedOnToolsVersion = 10.0;
					};
				};
			};
			buildConfigurationList = AB3AB41E21FF8B4900EDA599 /* Build configuration list for PBXProject "DataStructuresProject" */;
			compatibilityVersion = "Xcode 9.3";
			developmentRegion = en;
			hasScannedForEncodings = 0;
			knownRegions = (
				en,
			);
			mainGroup = AB3AB41A21FF8B4900EDA599;
			productRefGroup = AB3AB42421FF8B4900EDA599 /* Products */;
			projectDirPath = "";
			projectRoot = "";
			targets = (
				AB3AB42221FF8B4900EDA599 /* DataStructuresProject */,
			);
		};
/* End PBXProject section */

/* Begin PBXSourcesBuildPhase section */
		AB3AB41F21FF8B4900EDA599 /* Sources */ = {
			isa = PBXSourcesBuildPhase;
			buildActionMask = 2147483647;
			files = (
				ABFBEC5F220A1CAF0035D460 /* CrimeData.cpp in Sources */,
				AB3AB43321FF8C0B00EDA599 /* Controller.cpp in Sources */,
				ABFBEC67220A1F740035D460 /* Timer.cpp in Sources */,
				AB7CA101220CB920004F5D6D /* Music.cpp in Sources */,
				AB3AB43521FF8C1600EDA599 /* Runner.cpp in Sources */,
				ABFBEC5B220A19670035D460 /* FileController.cpp in Sources */,
			);
			runOnlyForDeploymentPostprocessing = 0;
		};
/* End PBXSourcesBuildPhase section */

/* Begin XCBuildConfiguration section */
		AB3AB42821FF8B4900EDA599 /* Debug */ = {
			isa = XCBuildConfiguration;
			buildSettings = {
				ALWAYS_SEARCH_USER_PATHS = NO;
				CLANG_ANALYZER_NONNULL = YES;
				CLANG_ANALYZER_NUMBER_OBJECT_CONVERSION = YES_AGGRESSIVE;
				CLANG_CXX_LANGUAGE_STANDARD = "gnu++14";
				CLANG_CXX_LIBRARY = "libc++";
				CLANG_ENABLE_MODULES = YES;
				CLANG_ENABLE_OBJC_ARC = YES;
				CLANG_ENABLE_OBJC_WEAK = YES;
				CLANG_WARN_BLOCK_CAPTURE_AUTORELEASING = YES;
				CLANG_WARN_BOOL_CONVERSION = YES;
				CLANG_WARN_COMMA = YES;
				CLANG_WARN_CONSTANT_CONVERSION = YES;
				CLANG_WARN_DEPRECATED_OBJC_IMPLEMENTATIONS = YES;
				CLANG_WARN_DIRECT_OBJC_ISA_USAGE = YES_ERROR;
				CLANG_WARN_DOCUMENTATION_COMMENTS = YES;
				CLANG_WARN_EMPTY_BODY = YES;
				CLANG_WARN_ENUM_CONVERSION = YES;
				CLANG_WARN_INFINITE_RECURSION = YES;
				CLANG_WARN_INT_CONVERSION = YES;
				CLANG_WARN_NON_LITERAL_NULL_CONVERSION = YES;
				CLANG_WARN_OBJC_IMPLICIT_RETAIN_SELF = YES;
				CLANG_WARN_OBJC_LITERAL_CONVERSION = YES;
				CLANG_WARN_OBJC_ROOT_CLASS = YES_ERROR;
				CLANG_WARN_RANGE_LOOP_ANALYSIS = YES;
				CLANG_WARN_STRICT_PROTOTYPES = YES;
				CLANG_WARN_SUSPICIOUS_MOVE = YES;
				CLANG_WARN_UNGUARDED_AVAILABILITY = YES_AGGRESSIVE;
				CLANG_WARN_UNREACHABLE_CODE = YES;
				CLANG_WARN__DUPLICATE_METHOD_MATCH = YES;
				CODE_SIGN_IDENTITY = "-";
				COPY_PHASE_STRIP = NO;
				DEBUG_INFORMATION_FORMAT = dwarf;
				ENABLE_STRICT_OBJC_MSGSEND = YES;
				ENABLE_TESTABILITY = YES;
				GCC_C_LANGUAGE_STANDARD = gnu11;
				GCC_DYNAMIC_NO_PIC = NO;
				GCC_NO_COMMON_BLOCKS = YES;
				GCC_OPTIMIZATION_LEVEL = 0;
				GCC_PREPROCESSOR_DEFINITIONS = (
					"DEBUG=1",
					"$(inherited)",
				);
				GCC_WARN_64_TO_32_BIT_CONVERSION = YES;
				GCC_WARN_ABOUT_RETURN_TYPE = YES_ERROR;
				GCC_WARN_UNDECLARED_SELECTOR = YES;
				GCC_WARN_UNINITIALIZED_AUTOS = YES_AGGRESSIVE;
				GCC_WARN_UNUSED_FUNCTION = YES;
				GCC_WARN_UNUSED_VARIABLE = YES;
				MACOSX_DEPLOYMENT_TARGET = 10.13;
				MTL_ENABLE_DEBUG_INFO = INCLUDE_SOURCE;
				MTL_FAST_MATH = YES;
				ONLY_ACTIVE_ARCH = YES;
				SDKROOT = macosx;
			};
			name = Debug;
		};
		AB3AB42921FF8B4900EDA599 /* Release */ = {
			isa = XCBuildConfiguration;
			buildSettings = {
				ALWAYS_SEARCH_USER_PATHS = NO;
				CLANG_ANALYZER_NONNULL = YES;
				CLANG_ANALYZER_NUMBER_OBJECT_CONVERSION = YES_AGGRESSIVE;
				CLANG_CXX_LANGUAGE_STANDARD = "gnu++14";
				CLANG_CXX_LIBRARY = "libc++";
				CLANG_ENABLE_MODULES = YES;
				CLANG_ENABLE_OBJC_ARC = YES;
				CLANG_ENABLE_OBJC_WEAK = YES;
				CLANG_WARN_BLOCK_CAPTURE_AUTORELEASING = YES;
				CLANG_WARN_BOOL_CONVERSION = YES;
				CLANG_WARN_COMMA = YES;
				CLANG_WARN_CONSTANT_CONVERSION = YES;
				CLANG_WARN_DEPRECATED_OBJC_IMPLEMENTATIONS = YES;
				CLANG_WARN_DIRECT_OBJC_ISA_USAGE = YES_ERROR;
				CLANG_WARN_DOCUMENTATION_COMMENTS = YES;
				CLANG_WARN_EMPTY_BODY = YES;
				CLANG_WARN_ENUM_CONVERSION = YES;
				CLANG_WARN_INFINITE_RECURSION = YES;
				CLANG_WARN_INT_CONVERSION = YES;
				CLANG_WARN_NON_LITERAL_NULL_CONVERSION = YES;
				CLANG_WARN_OBJC_IMPLICIT_RETAIN_SELF = YES;
				CLANG_WARN_OBJC_LITERAL_CONVERSION = YES;
				CLANG_WARN_OBJC_ROOT_CLASS = YES_ERROR;
				CLANG_WARN_RANGE_LOOP_ANALYSIS = YES;
				CLANG_WARN_STRICT_PROTOTYPES = YES;
				CLANG_WARN_SUSPICIOUS_MOVE = YES;
				CLANG_WARN_UNGUARDED_AVAILABILITY = YES_AGGRESSIVE;
				CLANG_WARN_UNREACHABLE_CODE = YES;
				CLANG_WARN__DUPLICATE_METHOD_MATCH = YES;
				CODE_SIGN_IDENTITY = "-";
				COPY_PHASE_STRIP = NO;
				DEBUG_INFORMATION_FORMAT = "dwarf-with-dsym";
				ENABLE_NS_ASSERTIONS = NO;
				ENABLE_STRICT_OBJC_MSGSEND = YES;
				GCC_C_LANGUAGE_STANDARD = gnu11;
				GCC_NO_COMMON_BLOCKS = YES;
				GCC_WARN_64_TO_32_BIT_CONVERSION = YES;
				GCC_WARN_ABOUT_RETURN_TYPE = YES_ERROR;
				GCC_WARN_UNDECLARED_SELECTOR = YES;
				GCC_WARN_UNINITIALIZED_AUTOS = YES_AGGRESSIVE;
				GCC_WARN_UNUSED_FUNCTION = YES;
				GCC_WARN_UNUSED_VARIABLE = YES;
				MACOSX_DEPLOYMENT_TARGET = 10.13;
				MTL_ENABLE_DEBUG_INFO = NO;
				MTL_FAST_MATH = YES;
				SDKROOT = macosx;
			};
			name = Release;
		};
		AB3AB42B21FF8B4900EDA599 /* Debug */ = {
			isa = XCBuildConfiguration;
			buildSettings = {
				CODE_SIGN_STYLE = Automatic;
				PRODUCT_NAME = "$(TARGET_NAME)";
			};
			name = Debug;
		};
		AB3AB42C21FF8B4900EDA599 /* Release */ = {
			isa = XCBuildConfiguration;
			buildSettings = {
				CODE_SIGN_STYLE = Automatic;
				PRODUCT_NAME = "$(TARGET_NAME)";
			};
			name = Release;
		};
/* End XCBuildConfiguration section */

/* Begin XCConfigurationList section */
		AB3AB41E21FF8B4900EDA599 /* Build configuration list for PBXProject "DataStructuresProject" */ = {
			isa = XCConfigurationList;
			buildConfigurations = (
				AB3AB42821FF8B4900EDA599 /* Debug */,
				AB3AB42921FF8B4900EDA599 /* Release */,
			);
			defaultConfigurationIsVisible = 0;
			defaultConfigurationName = Release;
		};
		AB3AB42A21FF8B4900EDA599 /* Build configuration list for PBXNativeTarget "DataStructuresProject" */ = {
			isa = XCConfigurationList;
			buildConfigurations = (
				AB3AB42B21FF8B4900EDA599 /* Debug */,
				AB3AB42C21FF8B4900EDA599 /* Release */,
			);
			defaultConfigurationIsVisible = 0;
			defaultConfigurationName = Release;
		};
/* End XCConfigurationList section */
	};
	rootObject = AB3AB41B21FF8B4900EDA599 /* Project object */;
}
